{
  "name": "edgebox-cloudflare",
  "version": "0.1.0",
  "lockfileVersion": 3,
  "requires": true,
  "packages": {
    "": {
      "name": "edgebox-cloudflare",
      "version": "0.1.0",
      "devDependencies": {
        "@cloudflare/workers-types": "^5"
      },
      "engines": {
        "node": ">=24.18.0",
        "npm": ">=11.17.0"
      }
    },
    "node_modules/@cloudflare/workers-types": {
      "version": "5.20261005.1",
      "resolved": "https://registry.npmjs.org/@cloudflare/workers-types/-/workers-types-5.20261005.1.tgz",
      "integrity": "sha512-QQwZY342US72QGHso/H1CSzn9FWe6IoLZ8TsYyoMnvRHHOnucGuKZRDCyOn43HAkkRQqfRHFw8NP1xe1A7Oj8A==",
      "dev": true,
      "license": "MIT OR Apache-2.0"
    }
  }
}
