{
  "name": "edgebox-cloudflare",
  "version": "0.1.0",
  "lockfileVersion": 3,
  "requires": true,
  "packages": {
    "": {
      "name": "edgebox-cloudflare",
      "version": "0.1.0",
      "devDependencies": {
        "@cloudflare/workers-types": "^4"
      },
      "engines": {
        "node": ">=24.18.0",
        "npm": ">=11.17.0"
      }
    },
    "node_modules/@cloudflare/workers-types": {
      "version": "4.20260625.1",
      "resolved": "https://registry.npmjs.org/@cloudflare/workers-types/-/workers-types-4.20260625.1.tgz",
      "integrity": "sha512-asH0RhPHiNu/IUSssyiOJYAcGqysy0DJpO9fihC6KATaayD9CE1E9bgNQozTLUraxrCT2qkM4CBOIcV0M5NPJw==",
      "dev": true,
      "license": "MIT OR Apache-2.0"
    }
  }
}
